// !$*UTF8*$!
{
	archiveVersion = 1;
	classes = {
	};
	objectVersion = 50;
	objects = {

/* Begin PBXBuildFile section */
		4D7C7A062211642900F9E705 /* request.swift in Sources */ = {isa = PBXBuildFile; fileRef = 4D7C7A052211642900F9E705 /* request.swift */; };
		4D7C7A0A2212BF1400F9E705 /* requestAPI.swift in Sources */ = {isa = PBXBuildFile; fileRef = 4D7C7A092212BF1400F9E705 /* requestAPI.swift */; };
		4D835590220639B500984EB5 /* AppDelegate.swift in Sources */ = {isa = PBXBuildFile; fileRef = 4D83558F220639B500984EB5 /* AppDelegate.swift */; };
		4D835595220639B500984EB5 /* Main.storyboard in Resources */ = {isa = PBXBuildFile; fileRef = 4D835593220639B500984EB5 /* Main.storyboard */; };
		4D835597220639BA00984EB5 /* Assets.xcassets in Resources */ = {isa = PBXBuildFile; fileRef = 4D835596220639BA00984EB5 /* Assets.xcassets */; };
		4D83559A220639BA00984EB5 /* LaunchScreen.storyboard in Resources */ = {isa = PBXBuildFile; fileRef = 4D835598220639BA00984EB5 /* LaunchScreen.storyboard */; };
		4D8355A32207464C00984EB5 /* session.swift in Sources */ = {isa = PBXBuildFile; fileRef = 4D8355A22207464C00984EB5 /* session.swift */; };
		4D8355A5220783C100984EB5 /* AddEntryViewController.swift in Sources */ = {isa = PBXBuildFile; fileRef = 4D8355A4220783C100984EB5 /* AddEntryViewController.swift */; };
		4D8355A72207870F00984EB5 /* EntryListTableViewController.swift in Sources */ = {isa = PBXBuildFile; fileRef = 4D8355A62207870F00984EB5 /* EntryListTableViewController.swift */; };
		4D8355A922078E2E00984EB5 /* entry.swift in Sources */ = {isa = PBXBuildFile; fileRef = 4D8355A822078E2E00984EB5 /* entry.swift */; };
		4D8355AB2207920F00984EB5 /* MainTableViewCell.swift in Sources */ = {isa = PBXBuildFile; fileRef = 4D8355AA2207920F00984EB5 /* MainTableViewCell.swift */; };
		4D8355AD2207922200984EB5 /* FooterTableViewCell.swift in Sources */ = {isa = PBXBuildFile; fileRef = 4D8355AC2207922200984EB5 /* FooterTableViewCell.swift */; };
		4D8355AF2208490D00984EB5 /* ShowEntryViewController.swift in Sources */ = {isa = PBXBuildFile; fileRef = 4D8355AE2208490D00984EB5 /* ShowEntryViewController.swift */; };
/* End PBXBuildFile section */

/* Begin PBXFileReference section */
		4D7C7A052211642900F9E705 /* request.swift */ = {isa = PBXFileReference; lastKnownFileType = sourcecode.swift; path = request.swift; sourceTree = "<group>"; };
		4D7C7A092212BF1400F9E705 /* requestAPI.swift */ = {isa = PBXFileReference; lastKnownFileType = sourcecode.swift; path = requestAPI.swift; sourceTree = "<group>"; };
		4D83558C220639B500984EB5 /* gardTest.app */ = {isa = PBXFileReference; explicitFileType = wrapper.application; includeInIndex = 0; path = gardTest.app; sourceTree = BUILT_PRODUCTS_DIR; };
		4D83558F220639B500984EB5 /* AppDelegate.swift */ = {isa = PBXFileReference; lastKnownFileType = sourcecode.swift; path = AppDelegate.swift; sourceTree = "<group>"; };
		4D835594220639B500984EB5 /* Base */ = {isa = PBXFileReference; lastKnownFileType = file.storyboard; name = Base; path = Base.lproj/Main.storyboard; sourceTree = "<group>"; };
		4D835596220639BA00984EB5 /* Assets.xcassets */ = {isa = PBXFileReference; lastKnownFileType = folder.assetcatalog; path = Assets.xcassets; sourceTree = "<group>"; };
		4D835599220639BA00984EB5 /* Base */ = {isa = PBXFileReference; lastKnownFileType = file.storyboard; name = Base; path = Base.lproj/LaunchScreen.storyboard; sourceTree = "<group>"; };
		4D83559B220639BA00984EB5 /* Info.plist */ = {isa = PBXFileReference; lastKnownFileType = text.plist.xml; path = Info.plist; sourceTree = "<group>"; };
		4D8355A22207464C00984EB5 /* session.swift */ = {isa = PBXFileReference; lastKnownFileType = sourcecode.swift; path = session.swift; sourceTree = "<group>"; };
		4D8355A4220783C100984EB5 /* AddEntryViewController.swift */ = {isa = PBXFileReference; lastKnownFileType = sourcecode.swift; path = AddEntryViewController.swift; sourceTree = "<group>"; };
		4D8355A62207870F00984EB5 /* EntryListTableViewController.swift */ = {isa = PBXFileReference; lastKnownFileType = sourcecode.swift; path = EntryListTableViewController.swift; sourceTree = "<group>"; };
		4D8355A822078E2E00984EB5 /* entry.swift */ = {isa = PBXFileReference; lastKnownFileType = sourcecode.swift; path = entry.swift; sourceTree = "<group>"; };
		4D8355AA2207920F00984EB5 /* MainTableViewCell.swift */ = {isa = PBXFileReference; lastKnownFileType = sourcecode.swift; path = MainTableViewCell.swift; sourceTree = "<group>"; };
		4D8355AC2207922200984EB5 /* FooterTableViewCell.swift */ = {isa = PBXFileReference; lastKnownFileType = sourcecode.swift; path = FooterTableViewCell.swift; sourceTree = "<group>"; };
		4D8355AE2208490D00984EB5 /* ShowEntryViewController.swift */ = {isa = PBXFileReference; lastKnownFileType = sourcecode.swift; path = ShowEntryViewController.swift; sourceTree = "<group>"; };
/* End PBXFileReference section */

/* Begin PBXFrameworksBuildPhase section */
		4D835589220639B500984EB5 /* Frameworks */ = {
			isa = PBXFrameworksBuildPhase;
			buildActionMask = 2147483647;
			files = (
			);
			runOnlyForDeploymentPostprocessing = 0;
		};
/* End PBXFrameworksBuildPhase section */

/* Begin PBXGroup section */
		4D835583220639B500984EB5 = {
			isa = PBXGroup;
			children = (
				4D83558E220639B500984EB5 /* gardTest */,
				4D83558D220639B500984EB5 /* Products */,
			);
			sourceTree = "<group>";
		};
		4D83558D220639B500984EB5 /* Products */ = {
			isa = PBXGroup;
			children = (
				4D83558C220639B500984EB5 /* gardTest.app */,
			);
			name = Products;
			sourceTree = "<group>";
		};
		4D83558E220639B500984EB5 /* gardTest */ = {
			isa = PBXGroup;
			children = (
				4D83558F220639B500984EB5 /* AppDelegate.swift */,
				4D8355A22207464C00984EB5 /* session.swift */,
				4D835593220639B500984EB5 /* Main.storyboard */,
				4D8355AE2208490D00984EB5 /* ShowEntryViewController.swift */,
				4D8355AA2207920F00984EB5 /* MainTableViewCell.swift */,
				4D8355AC2207922200984EB5 /* FooterTableViewCell.swift */,
				4D7C7A052211642900F9E705 /* request.swift */,
				4D7C7A092212BF1400F9E705 /* requestAPI.swift */,
				4D8355A62207870F00984EB5 /* EntryListTableViewController.swift */,
				4D8355A822078E2E00984EB5 /* entry.swift */,
				4D8355A4220783C100984EB5 /* AddEntryViewController.swift */,
				4D8355A1220639E100984EB5 /* Supporting Files */,
			);
			path = gardTest;
			sourceTree = "<group>";
		};
		4D8355A1220639E100984EB5 /* Supporting Files */ = {
			isa = PBXGroup;
			children = (
				4D835596220639BA00984EB5 /* Assets.xcassets */,
				4D835598220639BA00984EB5 /* LaunchScreen.storyboard */,
				4D83559B220639BA00984EB5 /* Info.plist */,
			);
			path = "Supporting Files";
			sourceTree = "<group>";
		};
/* End PBXGroup section */

/* Begin PBXNativeTarget section */
		4D83558B220639B500984EB5 /* gardTest */ = {
			isa = PBXNativeTarget;
			buildConfigurationList = 4D83559E220639BA00984EB5 /* Build configuration list for PBXNativeTarget "gardTest" */;
			buildPhases = (
				4D835588220639B500984EB5 /* Sources */,
				4D835589220639B500984EB5 /* Frameworks */,
				4D83558A220639B500984EB5 /* Resources */,
			);
			buildRules = (
			);
			dependencies = (
			);
			name = gardTest;
			productName = gardTest;
			productReference = 4D83558C220639B500984EB5 /* gardTest.app */;
			productType = "com.apple.product-type.application";
		};
/* End PBXNativeTarget section */

/* Begin PBXProject section */
		4D835584220639B500984EB5 /* Project object */ = {
			isa = PBXProject;
			attributes = {
				LastSwiftUpdateCheck = 1010;
				LastUpgradeCheck = 1010;
				ORGANIZATIONNAME = "Анастасия Латыш";
				TargetAttributes = {
					4D83558B220639B500984EB5 = {
						CreatedOnToolsVersion = 10.1;
					};
				};
			};
			buildConfigurationList = 4D835587220639B500984EB5 /* Build configuration list for PBXProject "gardTest" */;
			compatibilityVersion = "Xcode 9.3";
			developmentRegion = en;
			hasScannedForEncodings = 0;
			knownRegions = (
				en,
				Base,
			);
			mainGroup = 4D835583220639B500984EB5;
			productRefGroup = 4D83558D220639B500984EB5 /* Products */;
			projectDirPath = "";
			projectRoot = "";
			targets = (
				4D83558B220639B500984EB5 /* gardTest */,
			);
		};
/* End PBXProject section */

/* Begin PBXResourcesBuildPhase section */
		4D83558A220639B500984EB5 /* Resources */ = {
			isa = PBXResourcesBuildPhase;
			buildActionMask = 2147483647;
			files = (
				4D83559A220639BA00984EB5 /* LaunchScreen.storyboard in Resources */,
				4D835597220639BA00984EB5 /* Assets.xcassets in Resources */,
				4D835595220639B500984EB5 /* Main.storyboard in Resources */,
			);
			runOnlyForDeploymentPostprocessing = 0;
		};
/* End PBXResourcesBuildPhase section */

/* Begin PBXSourcesBuildPhase section */
		4D835588220639B500984EB5 /* Sources */ = {
			isa = PBXSourcesBuildPhase;
			buildActionMask = 2147483647;
			files = (
				4D8355A922078E2E00984EB5 /* entry.swift in Sources */,
				4D8355A72207870F00984EB5 /* EntryListTableViewController.swift in Sources */,
				4D7C7A062211642900F9E705 /* request.swift in Sources */,
				4D8355AF2208490D00984EB5 /* ShowEntryViewController.swift in Sources */,
				4D8355AB2207920F00984EB5 /* MainTableViewCell.swift in Sources */,
				4D8355A5220783C100984EB5 /* AddEntryViewController.swift in Sources */,
				4D8355A32207464C00984EB5 /* session.swift in Sources */,
				4D8355AD2207922200984EB5 /* FooterTableViewCell.swift in Sources */,
				4D7C7A0A2212BF1400F9E705 /* requestAPI.swift in Sources */,
				4D835590220639B500984EB5 /* AppDelegate.swift in Sources */,
			);
			runOnlyForDeploymentPostprocessing = 0;
		};
/* End PBXSourcesBuildPhase section */

/* Begin PBXVariantGroup section */
		4D835593220639B500984EB5 /* Main.storyboard */ = {
			isa = PBXVariantGroup;
			children = (
				4D835594220639B500984EB5 /* Base */,
			);
			name = Main.storyboard;
			sourceTree = "<group>";
		};
		4D835598220639BA00984EB5 /* LaunchScreen.storyboard */ = {
			isa = PBXVariantGroup;
			children = (
				4D835599220639BA00984EB5 /* Base */,
			);
			name = LaunchScreen.storyboard;
			sourceTree = "<group>";
		};
/* End PBXVariantGroup section */

/* Begin XCBuildConfiguration section */
		4D83559C220639BA00984EB5 /* Debug */ = {
			isa = XCBuildConfiguration;
			buildSettings = {
				ALWAYS_SEARCH_USER_PATHS = NO;
				CLANG_ANALYZER_NONNULL = YES;
				CLANG_ANALYZER_NUMBER_OBJECT_CONVERSION = YES_AGGRESSIVE;
				CLANG_CXX_LANGUAGE_STANDARD = "gnu++14";
				CLANG_CXX_LIBRARY = "libc++";
				CLANG_ENABLE_MODULES = YES;
				CLANG_ENABLE_OBJC_ARC = YES;
				CLANG_ENABLE_OBJC_WEAK = YES;
				CLANG_WARN_BLOCK_CAPTURE_AUTORELEASING = YES;
				CLANG_WARN_BOOL_CONVERSION = YES;
				CLANG_WARN_COMMA = YES;
				CLANG_WARN_CONSTANT_CONVERSION = YES;
				CLANG_WARN_DEPRECATED_OBJC_IMPLEMENTATIONS = YES;
				CLANG_WARN_DIRECT_OBJC_ISA_USAGE = YES_ERROR;
				CLANG_WARN_DOCUMENTATION_COMMENTS = YES;
				CLANG_WARN_EMPTY_BODY = YES;
				CLANG_WARN_ENUM_CONVERSION = YES;
				CLANG_WARN_INFINITE_RECURSION = YES;
				CLANG_WARN_INT_CONVERSION = YES;
				CLANG_WARN_NON_LITERAL_NULL_CONVERSION = YES;
				CLANG_WARN_OBJC_IMPLICIT_RETAIN_SELF = YES;
				CLANG_WARN_OBJC_LITERAL_CONVERSION = YES;
				CLANG_WARN_OBJC_ROOT_CLASS = YES_ERROR;
				CLANG_WARN_RANGE_LOOP_ANALYSIS = YES;
				CLANG_WARN_STRICT_PROTOTYPES = YES;
				CLANG_WARN_SUSPICIOUS_MOVE = YES;
				CLANG_WARN_UNGUARDED_AVAILABILITY = YES_AGGRESSIVE;
				CLANG_WARN_UNREACHABLE_CODE = YES;
				CLANG_WARN__DUPLICATE_METHOD_MATCH = YES;
				CODE_SIGN_IDENTITY = "iPhone Developer";
				COPY_PHASE_STRIP = NO;
				DEBUG_INFORMATION_FORMAT = dwarf;
				ENABLE_STRICT_OBJC_MSGSEND = YES;
				ENABLE_TESTABILITY = YES;
				GCC_C_LANGUAGE_STANDARD = gnu11;
				GCC_DYNAMIC_NO_PIC = NO;
				GCC_NO_COMMON_BLOCKS = YES;
				GCC_OPTIMIZATION_LEVEL = 0;
				GCC_PREPROCESSOR_DEFINITIONS = (
					"DEBUG=1",
					"$(inherited)",
				);
				GCC_WARN_64_TO_32_BIT_CONVERSION = YES;
				GCC_WARN_ABOUT_RETURN_TYPE = YES_ERROR;
				GCC_WARN_UNDECLARED_SELECTOR = YES;
				GCC_WARN_UNINITIALIZED_AUTOS = YES_AGGRESSIVE;
				GCC_WARN_UNUSED_FUNCTION = YES;
				GCC_WARN_UNUSED_VARIABLE = YES;
				IPHONEOS_DEPLOYMENT_TARGET = 12.1;
				MTL_ENABLE_DEBUG_INFO = INCLUDE_SOURCE;
				MTL_FAST_MATH = YES;
				ONLY_ACTIVE_ARCH = YES;
				SDKROOT = iphoneos;
				SWIFT_ACTIVE_COMPILATION_CONDITIONS = DEBUG;
				SWIFT_OPTIMIZATION_LEVEL = "-Onone";
			};
			name = Debug;
		};
		4D83559D220639BA00984EB5 /* Release */ = {
			isa = XCBuildConfiguration;
			buildSettings = {
				ALWAYS_SEARCH_USER_PATHS = NO;
				CLANG_ANALYZER_NONNULL = YES;
				CLANG_ANALYZER_NUMBER_OBJECT_CONVERSION = YES_AGGRESSIVE;
				CLANG_CXX_LANGUAGE_STANDARD = "gnu++14";
				CLANG_CXX_LIBRARY = "libc++";
				CLANG_ENABLE_MODULES = YES;
				CLANG_ENABLE_OBJC_ARC = YES;
				CLANG_ENABLE_OBJC_WEAK = YES;
				CLANG_WARN_BLOCK_CAPTURE_AUTORELEASING = YES;
				CLANG_WARN_BOOL_CONVERSION = YES;
				CLANG_WARN_COMMA = YES;
				CLANG_WARN_CONSTANT_CONVERSION = YES;
				CLANG_WARN_DEPRECATED_OBJC_IMPLEMENTATIONS = YES;
				CLANG_WARN_DIRECT_OBJC_ISA_USAGE = YES_ERROR;
				CLANG_WARN_DOCUMENTATION_COMMENTS = YES;
				CLANG_WARN_EMPTY_BODY = YES;
				CLANG_WARN_ENUM_CONVERSION = YES;
				CLANG_WARN_INFINITE_RECURSION = YES;
				CLANG_WARN_INT_CONVERSION = YES;
				CLANG_WARN_NON_LITERAL_NULL_CONVERSION = YES;
				CLANG_WARN_OBJC_IMPLICIT_RETAIN_SELF = YES;
				CLANG_WARN_OBJC_LITERAL_CONVERSION = YES;
				CLANG_WARN_OBJC_ROOT_CLASS = YES_ERROR;
				CLANG_WARN_RANGE_LOOP_ANALYSIS = YES;
				CLANG_WARN_STRICT_PROTOTYPES = YES;
				CLANG_WARN_SUSPICIOUS_MOVE = YES;
				CLANG_WARN_UNGUARDED_AVAILABILITY = YES_AGGRESSIVE;
				CLANG_WARN_UNREACHABLE_CODE = YES;
				CLANG_WARN__DUPLICATE_METHOD_MATCH = YES;
				CODE_SIGN_IDENTITY = "iPhone Developer";
				COPY_PHASE_STRIP = NO;
				DEBUG_INFORMATION_FORMAT = "dwarf-with-dsym";
				ENABLE_NS_ASSERTIONS = NO;
				ENABLE_STRICT_OBJC_MSGSEND = YES;
				GCC_C_LANGUAGE_STANDARD = gnu11;
				GCC_NO_COMMON_BLOCKS = YES;
				GCC_WARN_64_TO_32_BIT_CONVERSION = YES;
				GCC_WARN_ABOUT_RETURN_TYPE = YES_ERROR;
				GCC_WARN_UNDECLARED_SELECTOR = YES;
				GCC_WARN_UNINITIALIZED_AUTOS = YES_AGGRESSIVE;
				GCC_WARN_UNUSED_FUNCTION = YES;
				GCC_WARN_UNUSED_VARIABLE = YES;
				IPHONEOS_DEPLOYMENT_TARGET = 12.1;
				MTL_ENABLE_DEBUG_INFO = NO;
				MTL_FAST_MATH = YES;
				SDKROOT = iphoneos;
				SWIFT_COMPILATION_MODE = wholemodule;
				SWIFT_OPTIMIZATION_LEVEL = "-O";
				VALIDATE_PRODUCT = YES;
			};
			name = Release;
		};
		4D83559F220639BA00984EB5 /* Debug */ = {
			isa = XCBuildConfiguration;
			buildSettings = {
				ASSETCATALOG_COMPILER_APPICON_NAME = AppIcon;
				CODE_SIGN_STYLE = Automatic;
				DEVELOPMENT_TEAM = TLUB9AR22P;
				INFOPLIST_FILE = "$(SRCROOT)/gardTest/Supporting Files/Info.plist";
				LD_RUNPATH_SEARCH_PATHS = (
					"$(inherited)",
					"@executable_path/Frameworks",
				);
				PRODUCT_BUNDLE_IDENTIFIER = lat.gardTest;
				PRODUCT_NAME = "$(TARGET_NAME)";
				SWIFT_VERSION = 4.2;
				TARGETED_DEVICE_FAMILY = "1,2";
			};
			name = Debug;
		};
		4D8355A0220639BA00984EB5 /* Release */ = {
			isa = XCBuildConfiguration;
			buildSettings = {
				ASSETCATALOG_COMPILER_APPICON_NAME = AppIcon;
				CODE_SIGN_STYLE = Automatic;
				DEVELOPMENT_TEAM = TLUB9AR22P;
				INFOPLIST_FILE = "$(SRCROOT)/gardTest/Supporting Files/Info.plist";
				LD_RUNPATH_SEARCH_PATHS = (
					"$(inherited)",
					"@executable_path/Frameworks",
				);
				PRODUCT_BUNDLE_IDENTIFIER = lat.gardTest;
				PRODUCT_NAME = "$(TARGET_NAME)";
				SWIFT_VERSION = 4.2;
				TARGETED_DEVICE_FAMILY = "1,2";
			};
			name = Release;
		};
/* End XCBuildConfiguration section */

/* Begin XCConfigurationList section */
		4D835587220639B500984EB5 /* Build configuration list for PBXProject "gardTest" */ = {
			isa = XCConfigurationList;
			buildConfigurations = (
				4D83559C220639BA00984EB5 /* Debug */,
				4D83559D220639BA00984EB5 /* Release */,
			);
			defaultConfigurationIsVisible = 0;
			defaultConfigurationName = Release;
		};
		4D83559E220639BA00984EB5 /* Build configuration list for PBXNativeTarget "gardTest" */ = {
			isa = XCConfigurationList;
			buildConfigurations = (
				4D83559F220639BA00984EB5 /* Debug */,
				4D8355A0220639BA00984EB5 /* Release */,
			);
			defaultConfigurationIsVisible = 0;
			defaultConfigurationName = Release;
		};
/* End XCConfigurationList section */
	};
	rootObject = 4D835584220639B500984EB5 /* Project object */;
}
